
Microsoft Visual Studio Solution File, Format Version 12.00
# Visual Studio Version 17
VisualStudioVersion = 17.8.34316.72
MinimumVisualStudioVersion = 10.0.40219.1
Project("{9A19103F-16F7-4668-BE54-9A1E7A4F7556}") = "EverydayIsArtBot", "EverydayIsArtBot.csproj", "{CAEDEBF1-6A44-4E2C-9C5A-D6359DC8B9AE}"
EndProject
Global
	GlobalSection(SolutionConfigurationPlatforms) = preSolution
		Debug|Any CPU = Debug|Any CPU
		Release|Any CPU = Release|Any CPU
	EndGlobalSection
	GlobalSection(ProjectConfigurationPlatforms) = postSolution
		{CAEDEBF1-6A44-4E2C-9C5A-D6359DC8B9AE}.Debug|Any CPU.ActiveCfg = Debug|Any CPU
		{CAEDEBF1-6A44-4E2C-9C5A-D6359DC8B9AE}.Debug|Any CPU.Build.0 = Debug|Any CPU
		{CAEDEBF1-6A44-4E2C-9C5A-D6359DC8B9AE}.Release|Any CPU.ActiveCfg = Release|Any CPU
		{CAEDEBF1-6A44-4E2C-9C5A-D6359DC8B9AE}.Release|Any CPU.Build.0 = Release|Any CPU
	EndGlobalSection
	GlobalSection(SolutionProperties) = preSolution
		HideSolutionNode = FALSE
	EndGlobalSection
	GlobalSection(ExtensibilityGlobals) = postSolution
		SolutionGuid = {BFE1D841-DE54-46CB-BF04-EA6DC4768CC7}
	EndGlobalSection
EndGlobal
